
Microsoft Visual Studio Solution File, Format Version 12.00
# Visual Studio Version 17
VisualStudioVersion = 17.14.36915.13 d17.14
MinimumVisualStudioVersion = 10.0.40219.1
Project("{54A90642-561A-4BB1-A94E-469ADEE60C69}") = "mzasistencial.client", "mzasistencial.client\mzasistencial.client.esproj", "{F4DA47D6-BECA-DEE0-46AE-5AC822C7EF9A}"
EndProject
Project("{FAE04EC0-301F-11D3-BF4B-00C04F79EFBC}") = "MZAsistencial.Server", "MZAsistencial.Server\MZAsistencial.Server.csproj", "{82B7FC40-0A16-4AF0-823B-DFD3DC284352}"
EndProject
Global
	GlobalSection(SolutionConfigurationPlatforms) = preSolution
		Debug|Any CPU = Debug|Any CPU
		Release|Any CPU = Release|Any CPU
	EndGlobalSection
	GlobalSection(ProjectConfigurationPlatforms) = postSolution
		{F4DA47D6-BECA-DEE0-46AE-5AC822C7EF9A}.Debug|Any CPU.ActiveCfg = Debug|Any CPU
		{F4DA47D6-BECA-DEE0-46AE-5AC822C7EF9A}.Debug|Any CPU.Build.0 = Debug|Any CPU
		{F4DA47D6-BECA-DEE0-46AE-5AC822C7EF9A}.Debug|Any CPU.Deploy.0 = Debug|Any CPU
		{F4DA47D6-BECA-DEE0-46AE-5AC822C7EF9A}.Release|Any CPU.ActiveCfg = Release|Any CPU
		{F4DA47D6-BECA-DEE0-46AE-5AC822C7EF9A}.Release|Any CPU.Build.0 = Release|Any CPU
		{F4DA47D6-BECA-DEE0-46AE-5AC822C7EF9A}.Release|Any CPU.Deploy.0 = Release|Any CPU
		{82B7FC40-0A16-4AF0-823B-DFD3DC284352}.Debug|Any CPU.ActiveCfg = Debug|Any CPU
		{82B7FC40-0A16-4AF0-823B-DFD3DC284352}.Debug|Any CPU.Build.0 = Debug|Any CPU
		{82B7FC40-0A16-4AF0-823B-DFD3DC284352}.Release|Any CPU.ActiveCfg = Release|Any CPU
		{82B7FC40-0A16-4AF0-823B-DFD3DC284352}.Release|Any CPU.Build.0 = Release|Any CPU
	EndGlobalSection
	GlobalSection(SolutionProperties) = preSolution
		HideSolutionNode = FALSE
	EndGlobalSection
	GlobalSection(ExtensibilityGlobals) = postSolution
		SolutionGuid = {A91F14C6-0FA1-4F8F-9EBF-CDDEBE1F33CD}
	EndGlobalSection
EndGlobal
